
Microsoft Visual Studio Solution File, Format Version 12.00
# Visual Studio 14
VisualStudioVersion = 14.0.25420.1
MinimumVisualStudioVersion = 10.0.40219.1
Project("{FAE04EC0-301F-11D3-BF4B-00C04F79EFBC}") = "Sdl.Web.Tridion.Templates", "Sdl.Web.Tridion.Templates\Sdl.Web.Tridion.Templates.csproj", "{1F678CC2-4586-4F0C-8E70-3F6944BD6AAF}"
EndProject
Project("{FAE04EC0-301F-11D3-BF4B-00C04F79EFBC}") = "Sdl.Web.Tridion.Templates.Tests", "Sdl.Web.Tridion.Templates.Tests\Sdl.Web.Tridion.Templates.Tests.csproj", "{70698E33-50D2-4F27-A9AE-B3FA0133E717}"
EndProject
Project("{FAE04EC0-301F-11D3-BF4B-00C04F79EFBC}") = "Sdl.Web.DataModel", "Sdl.Web.DataModel\Sdl.Web.DataModel.csproj", "{413425CA-005E-4269-90B0-82624D277943}"
EndProject
Project("{FAE04EC0-301F-11D3-BF4B-00C04F79EFBC}") = "Sdl.Web.Tridion.Templates.Legacy", "Sdl.Web.Tridion.Templates.Legacy\Sdl.Web.Tridion.Templates.Legacy.csproj", "{087BCE15-F7B4-46F5-823A-ED8599855066}"
EndProject
Project("{2150E333-8FDC-42A3-9474-1A3956D46DE8}") = "Solution Items", "Solution Items", "{46DD23CF-D01B-4382-AE46-01665374B787}"
	ProjectSection(SolutionItems) = preProject
		MsTest.testsettings = MsTest.testsettings
	EndProjectSection
EndProject
Project("{FAE04EC0-301F-11D3-BF4B-00C04F79EFBC}") = "Sdl.Web.DXAResolver", "Sdl.Web.DXAResolver\Sdl.Web.DXAResolver.csproj", "{620C3C17-F612-4759-A461-FBD7FCD9ADEE}"
EndProject
Project("{FAE04EC0-301F-11D3-BF4B-00C04F79EFBC}") = "Sdl.Web.Tridion.Templates.R2", "Sdl.Web.Tridion.Templates.R2\Sdl.Web.Tridion.Templates.R2.csproj", "{8598DBE9-33BF-4EF5-835F-E15EA117C2F8}"
EndProject
Global
	GlobalSection(SolutionConfigurationPlatforms) = preSolution
		Debug|Any CPU = Debug|Any CPU
		Release|Any CPU = Release|Any CPU
	EndGlobalSection
	GlobalSection(ProjectConfigurationPlatforms) = postSolution
		{1F678CC2-4586-4F0C-8E70-3F6944BD6AAF}.Debug|Any CPU.ActiveCfg = Debug|Any CPU
		{1F678CC2-4586-4F0C-8E70-3F6944BD6AAF}.Debug|Any CPU.Build.0 = Debug|Any CPU
		{1F678CC2-4586-4F0C-8E70-3F6944BD6AAF}.Release|Any CPU.ActiveCfg = Release|Any CPU
		{1F678CC2-4586-4F0C-8E70-3F6944BD6AAF}.Release|Any CPU.Build.0 = Release|Any CPU
		{70698E33-50D2-4F27-A9AE-B3FA0133E717}.Debug|Any CPU.ActiveCfg = Debug|Any CPU
		{70698E33-50D2-4F27-A9AE-B3FA0133E717}.Debug|Any CPU.Build.0 = Debug|Any CPU
		{70698E33-50D2-4F27-A9AE-B3FA0133E717}.Release|Any CPU.ActiveCfg = Release|Any CPU
		{70698E33-50D2-4F27-A9AE-B3FA0133E717}.Release|Any CPU.Build.0 = Release|Any CPU
		{413425CA-005E-4269-90B0-82624D277943}.Debug|Any CPU.ActiveCfg = Debug|Any CPU
		{413425CA-005E-4269-90B0-82624D277943}.Debug|Any CPU.Build.0 = Debug|Any CPU
		{413425CA-005E-4269-90B0-82624D277943}.Release|Any CPU.ActiveCfg = Release|Any CPU
		{413425CA-005E-4269-90B0-82624D277943}.Release|Any CPU.Build.0 = Release|Any CPU
		{087BCE15-F7B4-46F5-823A-ED8599855066}.Debug|Any CPU.ActiveCfg = Debug|Any CPU
		{087BCE15-F7B4-46F5-823A-ED8599855066}.Debug|Any CPU.Build.0 = Debug|Any CPU
		{087BCE15-F7B4-46F5-823A-ED8599855066}.Release|Any CPU.ActiveCfg = Release|Any CPU
		{087BCE15-F7B4-46F5-823A-ED8599855066}.Release|Any CPU.Build.0 = Release|Any CPU
		{620C3C17-F612-4759-A461-FBD7FCD9ADEE}.Debug|Any CPU.ActiveCfg = Debug|Any CPU
		{620C3C17-F612-4759-A461-FBD7FCD9ADEE}.Debug|Any CPU.Build.0 = Debug|Any CPU
		{620C3C17-F612-4759-A461-FBD7FCD9ADEE}.Release|Any CPU.ActiveCfg = Release|Any CPU
		{620C3C17-F612-4759-A461-FBD7FCD9ADEE}.Release|Any CPU.Build.0 = Release|Any CPU
		{8598DBE9-33BF-4EF5-835F-E15EA117C2F8}.Debug|Any CPU.ActiveCfg = Debug|Any CPU
		{8598DBE9-33BF-4EF5-835F-E15EA117C2F8}.Debug|Any CPU.Build.0 = Debug|Any CPU
		{8598DBE9-33BF-4EF5-835F-E15EA117C2F8}.Release|Any CPU.ActiveCfg = Release|Any CPU
		{8598DBE9-33BF-4EF5-835F-E15EA117C2F8}.Release|Any CPU.Build.0 = Release|Any CPU
	EndGlobalSection
	GlobalSection(SolutionProperties) = preSolution
		HideSolutionNode = FALSE
	EndGlobalSection
EndGlobal
